
Microsoft Visual Studio Solution File, Format Version 12.00
# Visual Studio Version 17
VisualStudioVersion = 17.0.31903.59
MinimumVisualStudioVersion = 10.0.40219.1
Project("{2150E333-8FDC-42A3-9474-1A3956D46DE8}") = "src", "src", "{827E0CD3-B72D-47B6-A68D-7590B98EB39B}"
EndProject
Project("{FAE04EC0-301F-11D3-BF4B-00C04F79EFBC}") = "BarbApp.Domain", "src\BarbApp.Domain\BarbApp.Domain.csproj", "{880F092E-34AF-4A49-867C-A5E4D637788E}"
EndProject
Project("{FAE04EC0-301F-11D3-BF4B-00C04F79EFBC}") = "BarbApp.Application", "src\BarbApp.Application\BarbApp.Application.csproj", "{703B6185-2353-4C27-BEA8-E5FE3D9A10EA}"
EndProject
Project("{FAE04EC0-301F-11D3-BF4B-00C04F79EFBC}") = "BarbApp.Infrastructure", "src\BarbApp.Infrastructure\BarbApp.Infrastructure.csproj", "{F0331C5D-57E9-4C81-8F0D-E6493F821722}"
EndProject
Project("{FAE04EC0-301F-11D3-BF4B-00C04F79EFBC}") = "BarbApp.API", "src\BarbApp.API\BarbApp.API.csproj", "{1A8031EE-4E6F-45ED-8CFC-087C4CD0BF1F}"
EndProject
Project("{FAE04EC0-301F-11D3-BF4B-00C04F79EFBC}") = "BarbApp.Domain.Tests", "tests\BarbApp.Domain.Tests\BarbApp.Domain.Tests.csproj", "{9CFA3BC4-5F0F-44C2-BC34-FB03F832996C}"
EndProject
Project("{FAE04EC0-301F-11D3-BF4B-00C04F79EFBC}") = "BarbApp.Application.Tests", "tests\BarbApp.Application.Tests\BarbApp.Application.Tests.csproj", "{771891F3-1A00-4721-BAF3-FCE5871E81FD}"
EndProject
Project("{FAE04EC0-301F-11D3-BF4B-00C04F79EFBC}") = "BarbApp.IntegrationTests", "tests\BarbApp.IntegrationTests\BarbApp.IntegrationTests.csproj", "{0536878F-657F-4BF4-A810-B6097A5B0488}"
EndProject
Project("{FAE04EC0-301F-11D3-BF4B-00C04F79EFBC}") = "BarbApp.Infrastructure.Tests", "tests\BarbApp.Infrastructure.Tests\BarbApp.Infrastructure.Tests.csproj", "{A1B2C3D4-E5F6-7890-ABCD-EF1234567890}"
EndProject
Global
	GlobalSection(SolutionConfigurationPlatforms) = preSolution
		Debug|Any CPU = Debug|Any CPU
		Debug|x64 = Debug|x64
		Debug|x86 = Debug|x86
		Release|Any CPU = Release|Any CPU
		Release|x64 = Release|x64
		Release|x86 = Release|x86
	EndGlobalSection
	GlobalSection(ProjectConfigurationPlatforms) = postSolution
		{880F092E-34AF-4A49-867C-A5E4D637788E}.Debug|Any CPU.ActiveCfg = Debug|Any CPU
		{880F092E-34AF-4A49-867C-A5E4D637788E}.Debug|Any CPU.Build.0 = Debug|Any CPU
		{880F092E-34AF-4A49-867C-A5E4D637788E}.Debug|x64.ActiveCfg = Debug|Any CPU
		{880F092E-34AF-4A49-867C-A5E4D637788E}.Debug|x64.Build.0 = Debug|Any CPU
		{880F092E-34AF-4A49-867C-A5E4D637788E}.Debug|x86.ActiveCfg = Debug|Any CPU
		{880F092E-34AF-4A49-867C-A5E4D637788E}.Debug|x86.Build.0 = Debug|Any CPU
		{880F092E-34AF-4A49-867C-A5E4D637788E}.Release|Any CPU.ActiveCfg = Release|Any CPU
		{880F092E-34AF-4A49-867C-A5E4D637788E}.Release|Any CPU.Build.0 = Release|Any CPU
		{880F092E-34AF-4A49-867C-A5E4D637788E}.Release|x64.ActiveCfg = Release|Any CPU
		{880F092E-34AF-4A49-867C-A5E4D637788E}.Release|x64.Build.0 = Release|Any CPU
		{880F092E-34AF-4A49-867C-A5E4D637788E}.Release|x86.ActiveCfg = Release|Any CPU
		{880F092E-34AF-4A49-867C-A5E4D637788E}.Release|x86.Build.0 = Release|Any CPU
		{703B6185-2353-4C27-BEA8-E5FE3D9A10EA}.Debug|Any CPU.ActiveCfg = Debug|Any CPU
		{703B6185-2353-4C27-BEA8-E5FE3D9A10EA}.Debug|Any CPU.Build.0 = Debug|Any CPU
		{703B6185-2353-4C27-BEA8-E5FE3D9A10EA}.Debug|x64.ActiveCfg = Debug|Any CPU
		{703B6185-2353-4C27-BEA8-E5FE3D9A10EA}.Debug|x64.Build.0 = Debug|Any CPU
		{703B6185-2353-4C27-BEA8-E5FE3D9A10EA}.Debug|x86.ActiveCfg = Debug|Any CPU
		{703B6185-2353-4C27-BEA8-E5FE3D9A10EA}.Debug|x86.Build.0 = Debug|Any CPU
		{703B6185-2353-4C27-BEA8-E5FE3D9A10EA}.Release|Any CPU.ActiveCfg = Release|Any CPU
		{703B6185-2353-4C27-BEA8-E5FE3D9A10EA}.Release|Any CPU.Build.0 = Release|Any CPU
		{703B6185-2353-4C27-BEA8-E5FE3D9A10EA}.Release|x64.ActiveCfg = Release|Any CPU
		{703B6185-2353-4C27-BEA8-E5FE3D9A10EA}.Release|x64.Build.0 = Release|Any CPU
		{703B6185-2353-4C27-BEA8-E5FE3D9A10EA}.Release|x86.ActiveCfg = Release|Any CPU
		{703B6185-2353-4C27-BEA8-E5FE3D9A10EA}.Release|x86.Build.0 = Release|Any CPU
		{F0331C5D-57E9-4C81-8F0D-E6493F821722}.Debug|Any CPU.ActiveCfg = Debug|Any CPU
		{F0331C5D-57E9-4C81-8F0D-E6493F821722}.Debug|Any CPU.Build.0 = Debug|Any CPU
		{F0331C5D-57E9-4C81-8F0D-E6493F821722}.Debug|x64.ActiveCfg = Debug|Any CPU
		{F0331C5D-57E9-4C81-8F0D-E6493F821722}.Debug|x64.Build.0 = Debug|Any CPU
		{F0331C5D-57E9-4C81-8F0D-E6493F821722}.Debug|x86.ActiveCfg = Debug|Any CPU
		{F0331C5D-57E9-4C81-8F0D-E6493F821722}.Debug|x86.Build.0 = Debug|Any CPU
		{F0331C5D-57E9-4C81-8F0D-E6493F821722}.Release|Any CPU.ActiveCfg = Release|Any CPU
		{F0331C5D-57E9-4C81-8F0D-E6493F821722}.Release|Any CPU.Build.0 = Release|Any CPU
		{F0331C5D-57E9-4C81-8F0D-E6493F821722}.Release|x64.ActiveCfg = Release|Any CPU
		{F0331C5D-57E9-4C81-8F0D-E6493F821722}.Release|x64.Build.0 = Release|Any CPU
		{F0331C5D-57E9-4C81-8F0D-E6493F821722}.Release|x86.ActiveCfg = Release|Any CPU
		{F0331C5D-57E9-4C81-8F0D-E6493F821722}.Release|x86.Build.0 = Release|Any CPU
		{1A8031EE-4E6F-45ED-8CFC-087C4CD0BF1F}.Debug|Any CPU.ActiveCfg = Debug|Any CPU
		{1A8031EE-4E6F-45ED-8CFC-087C4CD0BF1F}.Debug|Any CPU.Build.0 = Debug|Any CPU
		{1A8031EE-4E6F-45ED-8CFC-087C4CD0BF1F}.Debug|x64.ActiveCfg = Debug|Any CPU
		{1A8031EE-4E6F-45ED-8CFC-087C4CD0BF1F}.Debug|x64.Build.0 = Debug|Any CPU
		{1A8031EE-4E6F-45ED-8CFC-087C4CD0BF1F}.Debug|x86.ActiveCfg = Debug|Any CPU
		{1A8031EE-4E6F-45ED-8CFC-087C4CD0BF1F}.Debug|x86.Build.0 = Debug|Any CPU
		{1A8031EE-4E6F-45ED-8CFC-087C4CD0BF1F}.Release|Any CPU.ActiveCfg = Release|Any CPU
		{1A8031EE-4E6F-45ED-8CFC-087C4CD0BF1F}.Release|Any CPU.Build.0 = Release|Any CPU
		{1A8031EE-4E6F-45ED-8CFC-087C4CD0BF1F}.Release|x64.ActiveCfg = Release|Any CPU
		{1A8031EE-4E6F-45ED-8CFC-087C4CD0BF1F}.Release|x64.Build.0 = Release|Any CPU
		{1A8031EE-4E6F-45ED-8CFC-087C4CD0BF1F}.Release|x86.ActiveCfg = Release|Any CPU
		{1A8031EE-4E6F-45ED-8CFC-087C4CD0BF1F}.Release|x86.Build.0 = Release|Any CPU
		{9CFA3BC4-5F0F-44C2-BC34-FB03F832996C}.Debug|Any CPU.ActiveCfg = Debug|Any CPU
		{9CFA3BC4-5F0F-44C2-BC34-FB03F832996C}.Debug|Any CPU.Build.0 = Debug|Any CPU
		{9CFA3BC4-5F0F-44C2-BC34-FB03F832996C}.Debug|x64.ActiveCfg = Debug|Any CPU
		{9CFA3BC4-5F0F-44C2-BC34-FB03F832996C}.Debug|x64.Build.0 = Debug|Any CPU
		{9CFA3BC4-5F0F-44C2-BC34-FB03F832996C}.Debug|x86.ActiveCfg = Debug|Any CPU
		{9CFA3BC4-5F0F-44C2-BC34-FB03F832996C}.Debug|x86.Build.0 = Debug|Any CPU
		{9CFA3BC4-5F0F-44C2-BC34-FB03F832996C}.Release|Any CPU.ActiveCfg = Release|Any CPU
		{9CFA3BC4-5F0F-44C2-BC34-FB03F832996C}.Release|Any CPU.Build.0 = Release|Any CPU
		{9CFA3BC4-5F0F-44C2-BC34-FB03F832996C}.Release|x64.ActiveCfg = Release|Any CPU
		{9CFA3BC4-5F0F-44C2-BC34-FB03F832996C}.Release|x64.Build.0 = Release|Any CPU
		{9CFA3BC4-5F0F-44C2-BC34-FB03F832996C}.Release|x86.ActiveCfg = Release|Any CPU
		{9CFA3BC4-5F0F-44C2-BC34-FB03F832996C}.Release|x86.Build.0 = Release|Any CPU
		{771891F3-1A00-4721-BAF3-FCE5871E81FD}.Debug|Any CPU.ActiveCfg = Debug|Any CPU
		{771891F3-1A00-4721-BAF3-FCE5871E81FD}.Debug|Any CPU.Build.0 = Debug|Any CPU
		{771891F3-1A00-4721-BAF3-FCE5871E81FD}.Debug|x64.ActiveCfg = Debug|Any CPU
		{771891F3-1A00-4721-BAF3-FCE5871E81FD}.Debug|x64.Build.0 = Debug|Any CPU
		{771891F3-1A00-4721-BAF3-FCE5871E81FD}.Debug|x86.ActiveCfg = Debug|Any CPU
		{771891F3-1A00-4721-BAF3-FCE5871E81FD}.Debug|x86.Build.0 = Debug|Any CPU
		{771891F3-1A00-4721-BAF3-FCE5871E81FD}.Release|Any CPU.ActiveCfg = Release|Any CPU
		{771891F3-1A00-4721-BAF3-FCE5871E81FD}.Release|Any CPU.Build.0 = Release|Any CPU
		{771891F3-1A00-4721-BAF3-FCE5871E81FD}.Release|x64.ActiveCfg = Release|Any CPU
		{771891F3-1A00-4721-BAF3-FCE5871E81FD}.Release|x64.Build.0 = Release|Any CPU
		{771891F3-1A00-4721-BAF3-FCE5871E81FD}.Release|x86.ActiveCfg = Release|Any CPU
		{771891F3-1A00-4721-BAF3-FCE5871E81FD}.Release|x86.Build.0 = Release|Any CPU
		{0536878F-657F-4BF4-A810-B6097A5B0488}.Debug|Any CPU.ActiveCfg = Debug|Any CPU
		{0536878F-657F-4BF4-A810-B6097A5B0488}.Debug|Any CPU.Build.0 = Debug|Any CPU
		{0536878F-657F-4BF4-A810-B6097A5B0488}.Debug|x64.ActiveCfg = Debug|Any CPU
		{0536878F-657F-4BF4-A810-B6097A5B0488}.Debug|x64.Build.0 = Debug|Any CPU
		{0536878F-657F-4BF4-A810-B6097A5B0488}.Debug|x86.ActiveCfg = Debug|Any CPU
		{0536878F-657F-4BF4-A810-B6097A5B0488}.Debug|x86.Build.0 = Debug|Any CPU
		{0536878F-657F-4BF4-A810-B6097A5B0488}.Release|Any CPU.ActiveCfg = Release|Any CPU
		{0536878F-657F-4BF4-A810-B6097A5B0488}.Release|Any CPU.Build.0 = Release|Any CPU
		{0536878F-657F-4BF4-A810-B6097A5B0488}.Release|x64.ActiveCfg = Release|Any CPU
		{0536878F-657F-4BF4-A810-B6097A5B0488}.Release|x64.Build.0 = Release|Any CPU
		{0536878F-657F-4BF4-A810-B6097A5B0488}.Release|x86.ActiveCfg = Release|Any CPU
		{0536878F-657F-4BF4-A810-B6097A5B0488}.Release|x86.Build.0 = Release|Any CPU
		{A1B2C3D4-E5F6-7890-ABCD-EF1234567890}.Debug|Any CPU.ActiveCfg = Debug|Any CPU
		{A1B2C3D4-E5F6-7890-ABCD-EF1234567890}.Debug|Any CPU.Build.0 = Debug|Any CPU
		{A1B2C3D4-E5F6-7890-ABCD-EF1234567890}.Debug|x64.ActiveCfg = Debug|Any CPU
		{A1B2C3D4-E5F6-7890-ABCD-EF1234567890}.Debug|x64.Build.0 = Debug|Any CPU
		{A1B2C3D4-E5F6-7890-ABCD-EF1234567890}.Debug|x86.ActiveCfg = Debug|Any CPU
		{A1B2C3D4-E5F6-7890-ABCD-EF1234567890}.Debug|x86.ActiveCfg = Debug|Any CPU
		{A1B2C3D4-E5F6-7890-ABCD-EF1234567890}.Debug|x86.Build.0 = Debug|Any CPU
		{A1B2C3D4-E5F6-7890-ABCD-EF1234567890}.Release|Any CPU.ActiveCfg = Release|Any CPU
		{A1B2C3D4-E5F6-7890-ABCD-EF1234567890}.Release|Any CPU.Build.0 = Release|Any CPU
		{A1B2C3D4-E5F6-7890-ABCD-EF1234567890}.Release|x64.ActiveCfg = Release|Any CPU
		{A1B2C3D4-E5F6-7890-ABCD-EF1234567890}.Release|x64.Build.0 = Release|Any CPU
		{A1B2C3D4-E5F6-7890-ABCD-EF1234567890}.Release|x86.ActiveCfg = Release|Any CPU
		{A1B2C3D4-E5F6-7890-ABCD-EF1234567890}.Release|x86.Build.0 = Release|Any CPU
	EndGlobalSection
	GlobalSection(SolutionProperties) = preSolution
		HideSolutionNode = FALSE
	EndGlobalSection
	GlobalSection(NestedProjects) = preSolution
		{880F092E-34AF-4A49-867C-A5E4D637788E} = {827E0CD3-B72D-47B6-A68D-7590B98EB39B}
		{703B6185-2353-4C27-BEA8-E5FE3D9A10EA} = {827E0CD3-B72D-47B6-A68D-7590B98EB39B}
		{F0331C5D-57E9-4C81-8F0D-E6493F821722} = {827E0CD3-B72D-47B6-A68D-7590B98EB39B}
		{1A8031EE-4E6F-45ED-8CFC-087C4CD0BF1F} = {827E0CD3-B72D-47B6-A68D-7590B98EB39B}
		{9CFA3BC4-5F0F-44C2-BC34-FB03F832996C} = {827E0CD3-B72D-47B6-A68D-7590B98EB39B}
		{771891F3-1A00-4721-BAF3-FCE5871E81FD} = {827E0CD3-B72D-47B6-A68D-7590B98EB39B}
		{0536878F-657F-4BF4-A810-B6097A5B0488} = {827E0CD3-B72D-47B6-A68D-7590B98EB39B}
		{A1B2C3D4-E5F6-7890-ABCD-EF1234567890} = {827E0CD3-B72D-47B6-A68D-7590B98EB39B}
	EndGlobalSection
EndGlobal
